// !$*UTF8*$!
{
	archiveVersion = 1;
	classes = {
	};
	objectVersion = 51;
	objects = {

/* Begin PBXBuildFile section */
		08A10F0B276314760085EA22 /* RowView.swift in Sources */ = {isa = PBXBuildFile; fileRef = 08A10F0A276314760085EA22 /* RowView.swift */; };
		129ACCDBBE8778285A052CA4 /* Pods_CustomCameraEdit.framework in Frameworks */ = {isa = PBXBuildFile; fileRef = 9618BDF9094699B3A69AC726 /* Pods_CustomCameraEdit.framework */; };
		280509032738DB2C00321027 /* FancyAnimations.swift in Sources */ = {isa = PBXBuildFile; fileRef = 280509022738DB2C00321027 /* FancyAnimations.swift */; };
		28077B1A2733B4CD00F107C1 /* SavedFoodDataModel.xcdatamodeld in Sources */ = {isa = PBXBuildFile; fileRef = 28077B182733B4CD00F107C1 /* SavedFoodDataModel.xcdatamodeld */; };
		28077B242733B81B00F107C1 /* Saved+CoreDataClass.swift in Sources */ = {isa = PBXBuildFile; fileRef = 28077B222733B81B00F107C1 /* Saved+CoreDataClass.swift */; };
		28077B252733B81B00F107C1 /* Saved+CoreDataProperties.swift in Sources */ = {isa = PBXBuildFile; fileRef = 28077B232733B81B00F107C1 /* Saved+CoreDataProperties.swift */; };
		2808977526EEFC510094A830 /* FullScreenSheetView.swift in Sources */ = {isa = PBXBuildFile; fileRef = 2808977426EEFC510094A830 /* FullScreenSheetView.swift */; };
		2822B3D62741DDC6005C4657 /* MyPersistentContainer.swift in Sources */ = {isa = PBXBuildFile; fileRef = 2822B3D52741DDC6005C4657 /* MyPersistentContainer.swift */; };
		2822B3F92745FE63005C4657 /* FoodWebRequest.swift in Sources */ = {isa = PBXBuildFile; fileRef = 2822B3F82745FE63005C4657 /* FoodWebRequest.swift */; };
		2822B3FB274603DD005C4657 /* foodApiSwiftTest.swift in Sources */ = {isa = PBXBuildFile; fileRef = 2822B3FA274603DD005C4657 /* foodApiSwiftTest.swift */; };
		2822B3FF27461156005C4657 /* FoodInfoRequest.swift in Sources */ = {isa = PBXBuildFile; fileRef = 2822B3FE27461156005C4657 /* FoodInfoRequest.swift */; };
		2835C3FF26F2FDD900288C74 /* AppDelegate.swift in Sources */ = {isa = PBXBuildFile; fileRef = 2835C3FE26F2FDD900288C74 /* AppDelegate.swift */; };
		2835C40326F6931A00288C74 /* SavedFoodView.swift in Sources */ = {isa = PBXBuildFile; fileRef = 2835C40226F6931A00288C74 /* SavedFoodView.swift */; };
		28574CBF2746FAA000D6D452 /* FoodRequestViewModel.swift in Sources */ = {isa = PBXBuildFile; fileRef = 28574CBE2746FAA000D6D452 /* FoodRequestViewModel.swift */; };
		285974E926F07F3800FCC3B9 /* ImageDetectionManager.swift in Sources */ = {isa = PBXBuildFile; fileRef = 285974E526F07F3300FCC3B9 /* ImageDetectionManager.swift */; };
		285974EA26F07F3800FCC3B9 /* Resnet50.mlmodel in Sources */ = {isa = PBXBuildFile; fileRef = 285974E626F07F3800FCC3B9 /* Resnet50.mlmodel */; };
		285974EB26F07F3800FCC3B9 /* UIImage+Extension.swift in Sources */ = {isa = PBXBuildFile; fileRef = 285974E726F07F3800FCC3B9 /* UIImage+Extension.swift */; };
		285974EC26F07F3900FCC3B9 /* ImageDetectionViewModel.swift in Sources */ = {isa = PBXBuildFile; fileRef = 285974E826F07F3800FCC3B9 /* ImageDetectionViewModel.swift */; };
		2889AAAC2730F783007DC682 /* FoodVisionV0 2.mlmodel in Sources */ = {isa = PBXBuildFile; fileRef = 2889AAAB2730F783007DC682 /* FoodVisionV0 2.mlmodel */; };
		288ACFB8273DBA2D00813959 /* WebRequest.swift in Sources */ = {isa = PBXBuildFile; fileRef = 288ACFB7273DBA2D00813959 /* WebRequest.swift */; };
		28A4FAD926F2A656002CCD45 /* ImageDetection.swift in Sources */ = {isa = PBXBuildFile; fileRef = 28A4FAD826F2A656002CCD45 /* ImageDetection.swift */; };
		28A4FADB26F2F8B9002CCD45 /* GoogleService-Info.plist in Resources */ = {isa = PBXBuildFile; fileRef = 28A4FADA26F2F8B8002CCD45 /* GoogleService-Info.plist */; };
		28BA407A27013F02000A2B73 /* ImageAndFoodNameFeeder.swift in Sources */ = {isa = PBXBuildFile; fileRef = 28BA407927013F02000A2B73 /* ImageAndFoodNameFeeder.swift */; };
		28C97F7D26E9D29400C06095 /* CustomCameraEditApp.swift in Sources */ = {isa = PBXBuildFile; fileRef = 28C97F7C26E9D29400C06095 /* CustomCameraEditApp.swift */; };
		28C97F7F26E9D29400C06095 /* MyCameraView.swift in Sources */ = {isa = PBXBuildFile; fileRef = 28C97F7E26E9D29400C06095 /* MyCameraView.swift */; };
		28C97F8126E9D29700C06095 /* Assets.xcassets in Resources */ = {isa = PBXBuildFile; fileRef = 28C97F8026E9D29700C06095 /* Assets.xcassets */; };
		28C97F8426E9D29700C06095 /* Preview Assets.xcassets in Resources */ = {isa = PBXBuildFile; fileRef = 28C97F8326E9D29700C06095 /* Preview Assets.xcassets */; };
/* End PBXBuildFile section */

/* Begin PBXFileReference section */
		08A10F0A276314760085EA22 /* RowView.swift */ = {isa = PBXFileReference; lastKnownFileType = sourcecode.swift; path = RowView.swift; sourceTree = "<group>"; };
		280509022738DB2C00321027 /* FancyAnimations.swift */ = {isa = PBXFileReference; lastKnownFileType = sourcecode.swift; path = FancyAnimations.swift; sourceTree = "<group>"; };
		28077B192733B4CD00F107C1 /* SavedFoodDataModel.xcdatamodel */ = {isa = PBXFileReference; lastKnownFileType = wrapper.xcdatamodel; path = SavedFoodDataModel.xcdatamodel; sourceTree = "<group>"; };
		28077B222733B81B00F107C1 /* Saved+CoreDataClass.swift */ = {isa = PBXFileReference; lastKnownFileType = sourcecode.swift; path = "Saved+CoreDataClass.swift"; sourceTree = SOURCE_ROOT; };
		28077B232733B81B00F107C1 /* Saved+CoreDataProperties.swift */ = {isa = PBXFileReference; lastKnownFileType = sourcecode.swift; path = "Saved+CoreDataProperties.swift"; sourceTree = SOURCE_ROOT; };
		2808977426EEFC510094A830 /* FullScreenSheetView.swift */ = {isa = PBXFileReference; lastKnownFileType = sourcecode.swift; path = FullScreenSheetView.swift; sourceTree = "<group>"; };
		2822B3D52741DDC6005C4657 /* MyPersistentContainer.swift */ = {isa = PBXFileReference; lastKnownFileType = sourcecode.swift; path = MyPersistentContainer.swift; sourceTree = "<group>"; };
		2822B3F82745FE63005C4657 /* FoodWebRequest.swift */ = {isa = PBXFileReference; lastKnownFileType = sourcecode.swift; path = FoodWebRequest.swift; sourceTree = "<group>"; };
		2822B3FA274603DD005C4657 /* foodApiSwiftTest.swift */ = {isa = PBXFileReference; lastKnownFileType = sourcecode.swift; path = foodApiSwiftTest.swift; sourceTree = "<group>"; };
		2822B3FE27461156005C4657 /* FoodInfoRequest.swift */ = {isa = PBXFileReference; lastKnownFileType = sourcecode.swift; path = FoodInfoRequest.swift; sourceTree = "<group>"; };
		2835C3FE26F2FDD900288C74 /* AppDelegate.swift */ = {isa = PBXFileReference; lastKnownFileType = sourcecode.swift; path = AppDelegate.swift; sourceTree = "<group>"; };
		2835C40226F6931A00288C74 /* SavedFoodView.swift */ = {isa = PBXFileReference; lastKnownFileType = sourcecode.swift; path = SavedFoodView.swift; sourceTree = "<group>"; };
		28574CBE2746FAA000D6D452 /* FoodRequestViewModel.swift */ = {isa = PBXFileReference; lastKnownFileType = sourcecode.swift; path = FoodRequestViewModel.swift; sourceTree = "<group>"; };
		285974E526F07F3300FCC3B9 /* ImageDetectionManager.swift */ = {isa = PBXFileReference; fileEncoding = 4; lastKnownFileType = sourcecode.swift; path = ImageDetectionManager.swift; sourceTree = "<group>"; };
		285974E626F07F3800FCC3B9 /* Resnet50.mlmodel */ = {isa = PBXFileReference; lastKnownFileType = file.mlmodel; path = Resnet50.mlmodel; sourceTree = "<group>"; };
		285974E726F07F3800FCC3B9 /* UIImage+Extension.swift */ = {isa = PBXFileReference; fileEncoding = 4; lastKnownFileType = sourcecode.swift; path = "UIImage+Extension.swift"; sourceTree = "<group>"; };
		285974E826F07F3800FCC3B9 /* ImageDetectionViewModel.swift */ = {isa = PBXFileReference; fileEncoding = 4; lastKnownFileType = sourcecode.swift; path = ImageDetectionViewModel.swift; sourceTree = "<group>"; };
		2889AAAB2730F783007DC682 /* FoodVisionV0 2.mlmodel */ = {isa = PBXFileReference; lastKnownFileType = file.mlmodel; path = "FoodVisionV0 2.mlmodel"; sourceTree = "<group>"; };
		288ACFB7273DBA2D00813959 /* WebRequest.swift */ = {isa = PBXFileReference; lastKnownFileType = sourcecode.swift; path = WebRequest.swift; sourceTree = "<group>"; };
		28A4FAD826F2A656002CCD45 /* ImageDetection.swift */ = {isa = PBXFileReference; lastKnownFileType = sourcecode.swift; path = ImageDetection.swift; sourceTree = "<group>"; };
		28A4FADA26F2F8B8002CCD45 /* GoogleService-Info.plist */ = {isa = PBXFileReference; fileEncoding = 4; lastKnownFileType = text.plist.xml; path = "GoogleService-Info.plist"; sourceTree = "<group>"; };
		28BA407927013F02000A2B73 /* ImageAndFoodNameFeeder.swift */ = {isa = PBXFileReference; lastKnownFileType = sourcecode.swift; path = ImageAndFoodNameFeeder.swift; sourceTree = "<group>"; };
		28C97F7926E9D29400C06095 /* CustomCameraEdit.app */ = {isa = PBXFileReference; explicitFileType = wrapper.application; includeInIndex = 0; path = CustomCameraEdit.app; sourceTree = BUILT_PRODUCTS_DIR; };
		28C97F7C26E9D29400C06095 /* CustomCameraEditApp.swift */ = {isa = PBXFileReference; lastKnownFileType = sourcecode.swift; path = CustomCameraEditApp.swift; sourceTree = "<group>"; };
		28C97F7E26E9D29400C06095 /* MyCameraView.swift */ = {isa = PBXFileReference; lastKnownFileType = sourcecode.swift; path = MyCameraView.swift; sourceTree = "<group>"; };
		28C97F8026E9D29700C06095 /* Assets.xcassets */ = {isa = PBXFileReference; lastKnownFileType = folder.assetcatalog; path = Assets.xcassets; sourceTree = "<group>"; };
		28C97F8326E9D29700C06095 /* Preview Assets.xcassets */ = {isa = PBXFileReference; lastKnownFileType = folder.assetcatalog; path = "Preview Assets.xcassets"; sourceTree = "<group>"; };
		28C97F8526E9D29700C06095 /* Info.plist */ = {isa = PBXFileReference; lastKnownFileType = text.plist.xml; path = Info.plist; sourceTree = "<group>"; };
		6791898618B65AFA786874C1 /* Pods-CustomCameraEdit.debug.xcconfig */ = {isa = PBXFileReference; includeInIndex = 1; lastKnownFileType = text.xcconfig; name = "Pods-CustomCameraEdit.debug.xcconfig"; path = "Target Support Files/Pods-CustomCameraEdit/Pods-CustomCameraEdit.debug.xcconfig"; sourceTree = "<group>"; };
		9618BDF9094699B3A69AC726 /* Pods_CustomCameraEdit.framework */ = {isa = PBXFileReference; explicitFileType = wrapper.framework; includeInIndex = 0; path = Pods_CustomCameraEdit.framework; sourceTree = BUILT_PRODUCTS_DIR; };
		FA18339949867676CDD9C3DA /* Pods-CustomCameraEdit.release.xcconfig */ = {isa = PBXFileReference; includeInIndex = 1; lastKnownFileType = text.xcconfig; name = "Pods-CustomCameraEdit.release.xcconfig"; path = "Target Support Files/Pods-CustomCameraEdit/Pods-CustomCameraEdit.release.xcconfig"; sourceTree = "<group>"; };
/* End PBXFileReference section */

/* Begin PBXFrameworksBuildPhase section */
		28C97F7626E9D29400C06095 /* Frameworks */ = {
			isa = PBXFrameworksBuildPhase;
			buildActionMask = 2147483647;
			files = (
				129ACCDBBE8778285A052CA4 /* Pods_CustomCameraEdit.framework in Frameworks */,
			);
			runOnlyForDeploymentPostprocessing = 0;
		};
/* End PBXFrameworksBuildPhase section */

/* Begin PBXGroup section */
		08A10F0C276314800085EA22 /* Views */ = {
			isa = PBXGroup;
			children = (
				08A10F0A276314760085EA22 /* RowView.swift */,
			);
			path = Views;
			sourceTree = "<group>";
		};
		28077B1D2733B7B800F107C1 /* CoreData */ = {
			isa = PBXGroup;
			children = (
				2822B3D52741DDC6005C4657 /* MyPersistentContainer.swift */,
				28077B222733B81B00F107C1 /* Saved+CoreDataClass.swift */,
				28077B232733B81B00F107C1 /* Saved+CoreDataProperties.swift */,
				28077B182733B4CD00F107C1 /* SavedFoodDataModel.xcdatamodeld */,
			);
			path = CoreData;
			sourceTree = "<group>";
		};
		2822B3F627421AFA005C4657 /* Main */ = {
			isa = PBXGroup;
			children = (
				28C97F7C26E9D29400C06095 /* CustomCameraEditApp.swift */,
			);
			path = Main;
			sourceTree = "<group>";
		};
		2822B3F727421B02005C4657 /* Models */ = {
			isa = PBXGroup;
			children = (
				288ACFB7273DBA2D00813959 /* WebRequest.swift */,
				2822B3FA274603DD005C4657 /* foodApiSwiftTest.swift */,
				2822B3F82745FE63005C4657 /* FoodWebRequest.swift */,
				28574CBE2746FAA000D6D452 /* FoodRequestViewModel.swift */,
				2822B3FE27461156005C4657 /* FoodInfoRequest.swift */,
				2835C3FE26F2FDD900288C74 /* AppDelegate.swift */,
				28A4FAD826F2A656002CCD45 /* ImageDetection.swift */,
				28BA407927013F02000A2B73 /* ImageAndFoodNameFeeder.swift */,
			);
			path = Models;
			sourceTree = "<group>";
		};
		2835C40426F6932300288C74 /* App */ = {
			isa = PBXGroup;
			children = (
				28C97F7E26E9D29400C06095 /* MyCameraView.swift */,
				2808977426EEFC510094A830 /* FullScreenSheetView.swift */,
				2835C40226F6931A00288C74 /* SavedFoodView.swift */,
				280509022738DB2C00321027 /* FancyAnimations.swift */,
			);
			path = App;
			sourceTree = "<group>";
		};
		285974ED26F07F4300FCC3B9 /* ImageDetection */ = {
			isa = PBXGroup;
			children = (
				285974E526F07F3300FCC3B9 /* ImageDetectionManager.swift */,
				285974E826F07F3800FCC3B9 /* ImageDetectionViewModel.swift */,
				285974E626F07F3800FCC3B9 /* Resnet50.mlmodel */,
				2889AAAB2730F783007DC682 /* FoodVisionV0 2.mlmodel */,
				285974E726F07F3800FCC3B9 /* UIImage+Extension.swift */,
			);
			path = ImageDetection;
			sourceTree = "<group>";
		};
		28C97F7026E9D29400C06095 = {
			isa = PBXGroup;
			children = (
				28C97F7B26E9D29400C06095 /* CustomCameraEdit */,
				28C97F7A26E9D29400C06095 /* Products */,
				E15B73011825D5E9FE6D5C08 /* Pods */,
				54464CE08062FFB9065FFBD7 /* Frameworks */,
			);
			sourceTree = "<group>";
		};
		28C97F7A26E9D29400C06095 /* Products */ = {
			isa = PBXGroup;
			children = (
				28C97F7926E9D29400C06095 /* CustomCameraEdit.app */,
			);
			name = Products;
			sourceTree = "<group>";
		};
		28C97F7B26E9D29400C06095 /* CustomCameraEdit */ = {
			isa = PBXGroup;
			children = (
				08A10F0C276314800085EA22 /* Views */,
				2822B3F727421B02005C4657 /* Models */,
				2822B3F627421AFA005C4657 /* Main */,
				2835C40426F6932300288C74 /* App */,
				28C97F8026E9D29700C06095 /* Assets.xcassets */,
				28077B1D2733B7B800F107C1 /* CoreData */,
				285974ED26F07F4300FCC3B9 /* ImageDetection */,
				28C97F8526E9D29700C06095 /* Info.plist */,
				28A4FADA26F2F8B8002CCD45 /* GoogleService-Info.plist */,
				28C97F8226E9D29700C06095 /* Preview Content */,
			);
			path = CustomCameraEdit;
			sourceTree = "<group>";
		};
		28C97F8226E9D29700C06095 /* Preview Content */ = {
			isa = PBXGroup;
			children = (
				28C97F8326E9D29700C06095 /* Preview Assets.xcassets */,
			);
			path = "Preview Content";
			sourceTree = "<group>";
		};
		54464CE08062FFB9065FFBD7 /* Frameworks */ = {
			isa = PBXGroup;
			children = (
				9618BDF9094699B3A69AC726 /* Pods_CustomCameraEdit.framework */,
			);
			name = Frameworks;
			sourceTree = "<group>";
		};
		E15B73011825D5E9FE6D5C08 /* Pods */ = {
			isa = PBXGroup;
			children = (
				6791898618B65AFA786874C1 /* Pods-CustomCameraEdit.debug.xcconfig */,
				FA18339949867676CDD9C3DA /* Pods-CustomCameraEdit.release.xcconfig */,
			);
			path = Pods;
			sourceTree = "<group>";
		};
/* End PBXGroup section */

/* Begin PBXNativeTarget section */
		28C97F7826E9D29400C06095 /* CustomCameraEdit */ = {
			isa = PBXNativeTarget;
			buildConfigurationList = 28C97F8826E9D29700C06095 /* Build configuration list for PBXNativeTarget "CustomCameraEdit" */;
			buildPhases = (
				256F390FAD18E127687B2AFF /* [CP] Check Pods Manifest.lock */,
				28C97F7526E9D29400C06095 /* Sources */,
				28C97F7626E9D29400C06095 /* Frameworks */,
				28C97F7726E9D29400C06095 /* Resources */,
				AF858AF08AA77A980E8B6541 /* [CP] Embed Pods Frameworks */,
			);
			buildRules = (
			);
			dependencies = (
			);
			name = CustomCameraEdit;
			productName = CustomCameraEdit;
			productReference = 28C97F7926E9D29400C06095 /* CustomCameraEdit.app */;
			productType = "com.apple.product-type.application";
		};
/* End PBXNativeTarget section */

/* Begin PBXProject section */
		28C97F7126E9D29400C06095 /* Project object */ = {
			isa = PBXProject;
			attributes = {
				LastSwiftUpdateCheck = 1250;
				LastUpgradeCheck = 1250;
				TargetAttributes = {
					28C97F7826E9D29400C06095 = {
						CreatedOnToolsVersion = 12.5.1;
					};
				};
			};
			buildConfigurationList = 28C97F7426E9D29400C06095 /* Build configuration list for PBXProject "CustomCameraEdit" */;
			compatibilityVersion = "Xcode 9.3";
			developmentRegion = en;
			hasScannedForEncodings = 0;
			knownRegions = (
				en,
				Base,
			);
			mainGroup = 28C97F7026E9D29400C06095;
			productRefGroup = 28C97F7A26E9D29400C06095 /* Products */;
			projectDirPath = "";
			projectRoot = "";
			targets = (
				28C97F7826E9D29400C06095 /* CustomCameraEdit */,
			);
		};
/* End PBXProject section */

/* Begin PBXResourcesBuildPhase section */
		28C97F7726E9D29400C06095 /* Resources */ = {
			isa = PBXResourcesBuildPhase;
			buildActionMask = 2147483647;
			files = (
				28C97F8426E9D29700C06095 /* Preview Assets.xcassets in Resources */,
				28C97F8126E9D29700C06095 /* Assets.xcassets in Resources */,
				28A4FADB26F2F8B9002CCD45 /* GoogleService-Info.plist in Resources */,
			);
			runOnlyForDeploymentPostprocessing = 0;
		};
/* End PBXResourcesBuildPhase section */

/* Begin PBXShellScriptBuildPhase section */
		256F390FAD18E127687B2AFF /* [CP] Check Pods Manifest.lock */ = {
			isa = PBXShellScriptBuildPhase;
			buildActionMask = 2147483647;
			files = (
			);
			inputFileListPaths = (
			);
			inputPaths = (
				"${PODS_PODFILE_DIR_PATH}/Podfile.lock",
				"${PODS_ROOT}/Manifest.lock",
			);
			name = "[CP] Check Pods Manifest.lock";
			outputFileListPaths = (
			);
			outputPaths = (
				"$(DERIVED_FILE_DIR)/Pods-CustomCameraEdit-checkManifestLockResult.txt",
			);
			runOnlyForDeploymentPostprocessing = 0;
			shellPath = /bin/sh;
			shellScript = "diff \"${PODS_PODFILE_DIR_PATH}/Podfile.lock\" \"${PODS_ROOT}/Manifest.lock\" > /dev/null\nif [ $? != 0 ] ; then\n    # print error to STDERR\n    echo \"error: The sandbox is not in sync with the Podfile.lock. Run 'pod install' or update your CocoaPods installation.\" >&2\n    exit 1\nfi\n# This output is used by Xcode 'outputs' to avoid re-running this script phase.\necho \"SUCCESS\" > \"${SCRIPT_OUTPUT_FILE_0}\"\n";
			showEnvVarsInLog = 0;
		};
		AF858AF08AA77A980E8B6541 /* [CP] Embed Pods Frameworks */ = {
			isa = PBXShellScriptBuildPhase;
			buildActionMask = 2147483647;
			files = (
			);
			inputFileListPaths = (
				"${PODS_ROOT}/Target Support Files/Pods-CustomCameraEdit/Pods-CustomCameraEdit-frameworks-${CONFIGURATION}-input-files.xcfilelist",
			);
			name = "[CP] Embed Pods Frameworks";
			outputFileListPaths = (
				"${PODS_ROOT}/Target Support Files/Pods-CustomCameraEdit/Pods-CustomCameraEdit-frameworks-${CONFIGURATION}-output-files.xcfilelist",
			);
			runOnlyForDeploymentPostprocessing = 0;
			shellPath = /bin/sh;
			shellScript = "\"${PODS_ROOT}/Target Support Files/Pods-CustomCameraEdit/Pods-CustomCameraEdit-frameworks.sh\"\n";
			showEnvVarsInLog = 0;
		};
/* End PBXShellScriptBuildPhase section */

/* Begin PBXSourcesBuildPhase section */
		28C97F7526E9D29400C06095 /* Sources */ = {
			isa = PBXSourcesBuildPhase;
			buildActionMask = 2147483647;
			files = (
				2822B3D62741DDC6005C4657 /* MyPersistentContainer.swift in Sources */,
				08A10F0B276314760085EA22 /* RowView.swift in Sources */,
				285974EA26F07F3800FCC3B9 /* Resnet50.mlmodel in Sources */,
				288ACFB8273DBA2D00813959 /* WebRequest.swift in Sources */,
				2822B3FF27461156005C4657 /* FoodInfoRequest.swift in Sources */,
				28574CBF2746FAA000D6D452 /* FoodRequestViewModel.swift in Sources */,
				2822B3F92745FE63005C4657 /* FoodWebRequest.swift in Sources */,
				28077B242733B81B00F107C1 /* Saved+CoreDataClass.swift in Sources */,
				28A4FAD926F2A656002CCD45 /* ImageDetection.swift in Sources */,
				28C97F7F26E9D29400C06095 /* MyCameraView.swift in Sources */,
				280509032738DB2C00321027 /* FancyAnimations.swift in Sources */,
				2822B3FB274603DD005C4657 /* foodApiSwiftTest.swift in Sources */,
				28BA407A27013F02000A2B73 /* ImageAndFoodNameFeeder.swift in Sources */,
				2835C3FF26F2FDD900288C74 /* AppDelegate.swift in Sources */,
				28C97F7D26E9D29400C06095 /* CustomCameraEditApp.swift in Sources */,
				285974EB26F07F3800FCC3B9 /* UIImage+Extension.swift in Sources */,
				285974EC26F07F3900FCC3B9 /* ImageDetectionViewModel.swift in Sources */,
				2808977526EEFC510094A830 /* FullScreenSheetView.swift in Sources */,
				2835C40326F6931A00288C74 /* SavedFoodView.swift in Sources */,
				2889AAAC2730F783007DC682 /* FoodVisionV0 2.mlmodel in Sources */,
				285974E926F07F3800FCC3B9 /* ImageDetectionManager.swift in Sources */,
				28077B1A2733B4CD00F107C1 /* SavedFoodDataModel.xcdatamodeld in Sources */,
				28077B252733B81B00F107C1 /* Saved+CoreDataProperties.swift in Sources */,
			);
			runOnlyForDeploymentPostprocessing = 0;
		};
/* End PBXSourcesBuildPhase section */

/* Begin XCBuildConfiguration section */
		28C97F8626E9D29700C06095 /* Debug */ = {
			isa = XCBuildConfiguration;
			buildSettings = {
				ALWAYS_SEARCH_USER_PATHS = NO;
				CLANG_ANALYZER_NONNULL = YES;
				CLANG_ANALYZER_NUMBER_OBJECT_CONVERSION = YES_AGGRESSIVE;
				CLANG_CXX_LANGUAGE_STANDARD = "gnu++14";
				CLANG_CXX_LIBRARY = "libc++";
				CLANG_ENABLE_MODULES = YES;
				CLANG_ENABLE_OBJC_ARC = YES;
				CLANG_ENABLE_OBJC_WEAK = YES;
				CLANG_WARN_BLOCK_CAPTURE_AUTORELEASING = YES;
				CLANG_WARN_BOOL_CONVERSION = YES;
				CLANG_WARN_COMMA = YES;
				CLANG_WARN_CONSTANT_CONVERSION = YES;
				CLANG_WARN_DEPRECATED_OBJC_IMPLEMENTATIONS = YES;
				CLANG_WARN_DIRECT_OBJC_ISA_USAGE = YES_ERROR;
				CLANG_WARN_DOCUMENTATION_COMMENTS = YES;
				CLANG_WARN_EMPTY_BODY = YES;
				CLANG_WARN_ENUM_CONVERSION = YES;
				CLANG_WARN_INFINITE_RECURSION = YES;
				CLANG_WARN_INT_CONVERSION = YES;
				CLANG_WARN_NON_LITERAL_NULL_CONVERSION = YES;
				CLANG_WARN_OBJC_IMPLICIT_RETAIN_SELF = YES;
				CLANG_WARN_OBJC_LITERAL_CONVERSION = YES;
				CLANG_WARN_OBJC_ROOT_CLASS = YES_ERROR;
				CLANG_WARN_QUOTED_INCLUDE_IN_FRAMEWORK_HEADER = YES;
				CLANG_WARN_RANGE_LOOP_ANALYSIS = YES;
				CLANG_WARN_STRICT_PROTOTYPES = YES;
				CLANG_WARN_SUSPICIOUS_MOVE = YES;
				CLANG_WARN_UNGUARDED_AVAILABILITY = YES_AGGRESSIVE;
				CLANG_WARN_UNREACHABLE_CODE = YES;
				CLANG_WARN__DUPLICATE_METHOD_MATCH = YES;
				COPY_PHASE_STRIP = NO;
				DEBUG_INFORMATION_FORMAT = dwarf;
				ENABLE_STRICT_OBJC_MSGSEND = YES;
				ENABLE_TESTABILITY = YES;
				GCC_C_LANGUAGE_STANDARD = gnu11;
				GCC_DYNAMIC_NO_PIC = NO;
				GCC_NO_COMMON_BLOCKS = YES;
				GCC_OPTIMIZATION_LEVEL = 0;
				GCC_PREPROCESSOR_DEFINITIONS = (
					"DEBUG=1",
					"$(inherited)",
				);
				GCC_WARN_64_TO_32_BIT_CONVERSION = YES;
				GCC_WARN_ABOUT_RETURN_TYPE = YES_ERROR;
				GCC_WARN_UNDECLARED_SELECTOR = YES;
				GCC_WARN_UNINITIALIZED_AUTOS = YES_AGGRESSIVE;
				GCC_WARN_UNUSED_FUNCTION = YES;
				GCC_WARN_UNUSED_VARIABLE = YES;
				IPHONEOS_DEPLOYMENT_TARGET = 15.0;
				MTL_ENABLE_DEBUG_INFO = INCLUDE_SOURCE;
				MTL_FAST_MATH = YES;
				ONLY_ACTIVE_ARCH = YES;
				SDKROOT = iphoneos;
				SWIFT_ACTIVE_COMPILATION_CONDITIONS = DEBUG;
				SWIFT_OPTIMIZATION_LEVEL = "-Onone";
			};
			name = Debug;
		};
		28C97F8726E9D29700C06095 /* Release */ = {
			isa = XCBuildConfiguration;
			buildSettings = {
				ALWAYS_SEARCH_USER_PATHS = NO;
				CLANG_ANALYZER_NONNULL = YES;
				CLANG_ANALYZER_NUMBER_OBJECT_CONVERSION = YES_AGGRESSIVE;
				CLANG_CXX_LANGUAGE_STANDARD = "gnu++14";
				CLANG_CXX_LIBRARY = "libc++";
				CLANG_ENABLE_MODULES = YES;
				CLANG_ENABLE_OBJC_ARC = YES;
				CLANG_ENABLE_OBJC_WEAK = YES;
				CLANG_WARN_BLOCK_CAPTURE_AUTORELEASING = YES;
				CLANG_WARN_BOOL_CONVERSION = YES;
				CLANG_WARN_COMMA = YES;
				CLANG_WARN_CONSTANT_CONVERSION = YES;
				CLANG_WARN_DEPRECATED_OBJC_IMPLEMENTATIONS = YES;
				CLANG_WARN_DIRECT_OBJC_ISA_USAGE = YES_ERROR;
				CLANG_WARN_DOCUMENTATION_COMMENTS = YES;
				CLANG_WARN_EMPTY_BODY = YES;
				CLANG_WARN_ENUM_CONVERSION = YES;
				CLANG_WARN_INFINITE_RECURSION = YES;
				CLANG_WARN_INT_CONVERSION = YES;
				CLANG_WARN_NON_LITERAL_NULL_CONVERSION = YES;
				CLANG_WARN_OBJC_IMPLICIT_RETAIN_SELF = YES;
				CLANG_WARN_OBJC_LITERAL_CONVERSION = YES;
				CLANG_WARN_OBJC_ROOT_CLASS = YES_ERROR;
				CLANG_WARN_QUOTED_INCLUDE_IN_FRAMEWORK_HEADER = YES;
				CLANG_WARN_RANGE_LOOP_ANALYSIS = YES;
				CLANG_WARN_STRICT_PROTOTYPES = YES;
				CLANG_WARN_SUSPICIOUS_MOVE = YES;
				CLANG_WARN_UNGUARDED_AVAILABILITY = YES_AGGRESSIVE;
				CLANG_WARN_UNREACHABLE_CODE = YES;
				CLANG_WARN__DUPLICATE_METHOD_MATCH = YES;
				COPY_PHASE_STRIP = NO;
				DEBUG_INFORMATION_FORMAT = "dwarf-with-dsym";
				ENABLE_NS_ASSERTIONS = NO;
				ENABLE_STRICT_OBJC_MSGSEND = YES;
				GCC_C_LANGUAGE_STANDARD = gnu11;
				GCC_NO_COMMON_BLOCKS = YES;
				GCC_WARN_64_TO_32_BIT_CONVERSION = YES;
				GCC_WARN_ABOUT_RETURN_TYPE = YES_ERROR;
				GCC_WARN_UNDECLARED_SELECTOR = YES;
				GCC_WARN_UNINITIALIZED_AUTOS = YES_AGGRESSIVE;
				GCC_WARN_UNUSED_FUNCTION = YES;
				GCC_WARN_UNUSED_VARIABLE = YES;
				IPHONEOS_DEPLOYMENT_TARGET = 15.0;
				MTL_ENABLE_DEBUG_INFO = NO;
				MTL_FAST_MATH = YES;
				SDKROOT = iphoneos;
				SWIFT_COMPILATION_MODE = wholemodule;
				SWIFT_OPTIMIZATION_LEVEL = "-O";
				VALIDATE_PRODUCT = YES;
			};
			name = Release;
		};
		28C97F8926E9D29700C06095 /* Debug */ = {
			isa = XCBuildConfiguration;
			baseConfigurationReference = 6791898618B65AFA786874C1 /* Pods-CustomCameraEdit.debug.xcconfig */;
			buildSettings = {
				ASSETCATALOG_COMPILER_APPICON_NAME = AppIcon;
				ASSETCATALOG_COMPILER_GLOBAL_ACCENT_COLOR_NAME = AccentColor;
				CODE_SIGN_STYLE = Automatic;
				DEVELOPMENT_ASSET_PATHS = "\"CustomCameraEdit/Preview Content\"";
				DEVELOPMENT_TEAM = TT2K57S6Q3;
				ENABLE_PREVIEWS = YES;
				INFOPLIST_FILE = CustomCameraEdit/Info.plist;
				IPHONEOS_DEPLOYMENT_TARGET = 14.0;
				LD_RUNPATH_SEARCH_PATHS = (
					"$(inherited)",
					"@executable_path/Frameworks",
				);
				PRODUCT_BUNDLE_IDENTIFIER = com.joshbourke.CustomCameraEdit;
				PRODUCT_NAME = "$(TARGET_NAME)";
				SWIFT_VERSION = 5.0;
				TARGETED_DEVICE_FAMILY = 1;
			};
			name = Debug;
		};
		28C97F8A26E9D29700C06095 /* Release */ = {
			isa = XCBuildConfiguration;
			baseConfigurationReference = FA18339949867676CDD9C3DA /* Pods-CustomCameraEdit.release.xcconfig */;
			buildSettings = {
				ASSETCATALOG_COMPILER_APPICON_NAME = AppIcon;
				ASSETCATALOG_COMPILER_GLOBAL_ACCENT_COLOR_NAME = AccentColor;
				CODE_SIGN_STYLE = Automatic;
				DEVELOPMENT_ASSET_PATHS = "\"CustomCameraEdit/Preview Content\"";
				DEVELOPMENT_TEAM = TT2K57S6Q3;
				ENABLE_PREVIEWS = YES;
				INFOPLIST_FILE = CustomCameraEdit/Info.plist;
				IPHONEOS_DEPLOYMENT_TARGET = 14.0;
				LD_RUNPATH_SEARCH_PATHS = (
					"$(inherited)",
					"@executable_path/Frameworks",
				);
				PRODUCT_BUNDLE_IDENTIFIER = com.joshbourke.CustomCameraEdit;
				PRODUCT_NAME = "$(TARGET_NAME)";
				SWIFT_VERSION = 5.0;
				TARGETED_DEVICE_FAMILY = 1;
			};
			name = Release;
		};
/* End XCBuildConfiguration section */

/* Begin XCConfigurationList section */
		28C97F7426E9D29400C06095 /* Build configuration list for PBXProject "CustomCameraEdit" */ = {
			isa = XCConfigurationList;
			buildConfigurations = (
				28C97F8626E9D29700C06095 /* Debug */,
				28C97F8726E9D29700C06095 /* Release */,
			);
			defaultConfigurationIsVisible = 0;
			defaultConfigurationName = Release;
		};
		28C97F8826E9D29700C06095 /* Build configuration list for PBXNativeTarget "CustomCameraEdit" */ = {
			isa = XCConfigurationList;
			buildConfigurations = (
				28C97F8926E9D29700C06095 /* Debug */,
				28C97F8A26E9D29700C06095 /* Release */,
			);
			defaultConfigurationIsVisible = 0;
			defaultConfigurationName = Release;
		};
/* End XCConfigurationList section */

/* Begin XCVersionGroup section */
		28077B182733B4CD00F107C1 /* SavedFoodDataModel.xcdatamodeld */ = {
			isa = XCVersionGroup;
			children = (
				28077B192733B4CD00F107C1 /* SavedFoodDataModel.xcdatamodel */,
			);
			currentVersion = 28077B192733B4CD00F107C1 /* SavedFoodDataModel.xcdatamodel */;
			path = SavedFoodDataModel.xcdatamodeld;
			sourceTree = "<group>";
			versionGroupType = wrapper.xcdatamodel;
		};
/* End XCVersionGroup section */
	};
	rootObject = 28C97F7126E9D29400C06095 /* Project object */;
}
